
Microsoft Visual Studio Solution File, Format Version 12.00
Project("{FAE04EC0-301F-11D3-BF4B-00C04F79EFBC}") = "Dz_1_2", "Dz_1_2.csproj", "{4AA93F87-C26D-4085-8B16-7166E0611611}"
EndProject
Global
	GlobalSection(SolutionConfigurationPlatforms) = preSolution
		Debug|Any CPU = Debug|Any CPU
		Release|Any CPU = Release|Any CPU
	EndGlobalSection
	GlobalSection(ProjectConfigurationPlatforms) = postSolution
		{4AA93F87-C26D-4085-8B16-7166E0611611}.Debug|Any CPU.ActiveCfg = Debug|Any CPU
		{4AA93F87-C26D-4085-8B16-7166E0611611}.Debug|Any CPU.Build.0 = Debug|Any CPU
		{4AA93F87-C26D-4085-8B16-7166E0611611}.Release|Any CPU.ActiveCfg = Release|Any CPU
		{4AA93F87-C26D-4085-8B16-7166E0611611}.Release|Any CPU.Build.0 = Release|Any CPU
	EndGlobalSection
EndGlobal
